
Microsoft Visual Studio Solution File, Format Version 12.00
# Visual Studio Version 17
VisualStudioVersion = 17.13.35919.96
MinimumVisualStudioVersion = 10.0.40219.1
Project("{FAE04EC0-301F-11D3-BF4B-00C04F79EFBC}") = "CompressionAlgorithm.Tests.Unit", "CompressionAlgorithm.Tests.Unit\CompressionAlgorithm.Tests.Unit.csproj", "{1E9DB3A9-4AED-4DB2-9DA8-51840F28F098}"
EndProject
Project("{2150E333-8FDC-42A3-9474-1A3956D46DE8}") = "Task 1", "Task 1", "{02EA681E-C7D8-13C7-8484-4AC65E1B71E8}"
EndProject
Project("{2150E333-8FDC-42A3-9474-1A3956D46DE8}") = "Task 2", "Task 2", "{09E5FF36-F943-44AC-AA46-799F2D2B339A}"
EndProject
Project("{FAE04EC0-301F-11D3-BF4B-00C04F79EFBC}") = "StaticServer", "StaticServer\StaticServer.csproj", "{2731F01C-86D0-42E3-8637-18BC175B89F2}"
EndProject
Project("{2150E333-8FDC-42A3-9474-1A3956D46DE8}") = "Task 3", "Task 3", "{43FBE56D-6DD0-430C-A83C-B6C45FC3472F}"
EndProject
Project("{FAE04EC0-301F-11D3-BF4B-00C04F79EFBC}") = "LogFileStandardization", "LogFileStandardization\LogFileStandardization.csproj", "{5AB95E4F-1F54-4791-B678-D8CB2BBC722A}"
EndProject
Project("{FAE04EC0-301F-11D3-BF4B-00C04F79EFBC}") = "LogFileStandardization.Tests.Unit", "LogFileStandardization.Tests.Unit\LogFileStandardization.Tests.Unit.csproj", "{99C00425-A12E-4771-A77D-A10E7522A240}"
EndProject
Project("{FAE04EC0-301F-11D3-BF4B-00C04F79EFBC}") = "CompressionAlgorithm", "CompressionAlgorithm\CompressionAlgorithm.csproj", "{73D26EC1-F387-429A-8F41-38637DCCA723}"
EndProject
Global
	GlobalSection(SolutionConfigurationPlatforms) = preSolution
		Debug|Any CPU = Debug|Any CPU
		Release|Any CPU = Release|Any CPU
	EndGlobalSection
	GlobalSection(ProjectConfigurationPlatforms) = postSolution
		{1E9DB3A9-4AED-4DB2-9DA8-51840F28F098}.Debug|Any CPU.ActiveCfg = Debug|Any CPU
		{1E9DB3A9-4AED-4DB2-9DA8-51840F28F098}.Debug|Any CPU.Build.0 = Debug|Any CPU
		{1E9DB3A9-4AED-4DB2-9DA8-51840F28F098}.Release|Any CPU.ActiveCfg = Release|Any CPU
		{1E9DB3A9-4AED-4DB2-9DA8-51840F28F098}.Release|Any CPU.Build.0 = Release|Any CPU
		{2731F01C-86D0-42E3-8637-18BC175B89F2}.Debug|Any CPU.ActiveCfg = Debug|Any CPU
		{2731F01C-86D0-42E3-8637-18BC175B89F2}.Debug|Any CPU.Build.0 = Debug|Any CPU
		{2731F01C-86D0-42E3-8637-18BC175B89F2}.Release|Any CPU.ActiveCfg = Release|Any CPU
		{2731F01C-86D0-42E3-8637-18BC175B89F2}.Release|Any CPU.Build.0 = Release|Any CPU
		{5AB95E4F-1F54-4791-B678-D8CB2BBC722A}.Debug|Any CPU.ActiveCfg = Debug|Any CPU
		{5AB95E4F-1F54-4791-B678-D8CB2BBC722A}.Debug|Any CPU.Build.0 = Debug|Any CPU
		{5AB95E4F-1F54-4791-B678-D8CB2BBC722A}.Release|Any CPU.ActiveCfg = Release|Any CPU
		{5AB95E4F-1F54-4791-B678-D8CB2BBC722A}.Release|Any CPU.Build.0 = Release|Any CPU
		{99C00425-A12E-4771-A77D-A10E7522A240}.Debug|Any CPU.ActiveCfg = Debug|Any CPU
		{99C00425-A12E-4771-A77D-A10E7522A240}.Debug|Any CPU.Build.0 = Debug|Any CPU
		{99C00425-A12E-4771-A77D-A10E7522A240}.Release|Any CPU.ActiveCfg = Release|Any CPU
		{99C00425-A12E-4771-A77D-A10E7522A240}.Release|Any CPU.Build.0 = Release|Any CPU
		{73D26EC1-F387-429A-8F41-38637DCCA723}.Debug|Any CPU.ActiveCfg = Debug|Any CPU
		{73D26EC1-F387-429A-8F41-38637DCCA723}.Debug|Any CPU.Build.0 = Debug|Any CPU
		{73D26EC1-F387-429A-8F41-38637DCCA723}.Release|Any CPU.ActiveCfg = Release|Any CPU
		{73D26EC1-F387-429A-8F41-38637DCCA723}.Release|Any CPU.Build.0 = Release|Any CPU
	EndGlobalSection
	GlobalSection(SolutionProperties) = preSolution
		HideSolutionNode = FALSE
	EndGlobalSection
	GlobalSection(NestedProjects) = preSolution
		{1E9DB3A9-4AED-4DB2-9DA8-51840F28F098} = {02EA681E-C7D8-13C7-8484-4AC65E1B71E8}
		{2731F01C-86D0-42E3-8637-18BC175B89F2} = {09E5FF36-F943-44AC-AA46-799F2D2B339A}
		{5AB95E4F-1F54-4791-B678-D8CB2BBC722A} = {43FBE56D-6DD0-430C-A83C-B6C45FC3472F}
		{99C00425-A12E-4771-A77D-A10E7522A240} = {43FBE56D-6DD0-430C-A83C-B6C45FC3472F}
		{73D26EC1-F387-429A-8F41-38637DCCA723} = {02EA681E-C7D8-13C7-8484-4AC65E1B71E8}
	EndGlobalSection
	GlobalSection(ExtensibilityGlobals) = postSolution
		SolutionGuid = {0090BE08-C417-444D-8F52-00ACC7EE27F3}
	EndGlobalSection
EndGlobal
