
Microsoft Visual Studio Solution File, Format Version 12.00
# Visual Studio Version 17
VisualStudioVersion = 17.13.35919.96 d17.13
MinimumVisualStudioVersion = 10.0.40219.1
Project("{FAE04EC0-301F-11D3-BF4B-00C04F79EFBC}") = "CompressionAlgorithm", "CompressionAlgorithm\CompressionAlgorithm.csproj", "{AC38EE45-E0B5-421C-83D8-F8EF6741D291}"
EndProject
Project("{FAE04EC0-301F-11D3-BF4B-00C04F79EFBC}") = "CompressionAlgorithm.Tests.Unit", "CompressionAlgorithm.Tests.Unit\CompressionAlgorithm.Tests.Unit.csproj", "{1E9DB3A9-4AED-4DB2-9DA8-51840F28F098}"
EndProject
Global
	GlobalSection(SolutionConfigurationPlatforms) = preSolution
		Debug|Any CPU = Debug|Any CPU
		Release|Any CPU = Release|Any CPU
	EndGlobalSection
	GlobalSection(ProjectConfigurationPlatforms) = postSolution
		{AC38EE45-E0B5-421C-83D8-F8EF6741D291}.Debug|Any CPU.ActiveCfg = Debug|Any CPU
		{AC38EE45-E0B5-421C-83D8-F8EF6741D291}.Debug|Any CPU.Build.0 = Debug|Any CPU
		{AC38EE45-E0B5-421C-83D8-F8EF6741D291}.Release|Any CPU.ActiveCfg = Release|Any CPU
		{AC38EE45-E0B5-421C-83D8-F8EF6741D291}.Release|Any CPU.Build.0 = Release|Any CPU
		{1E9DB3A9-4AED-4DB2-9DA8-51840F28F098}.Debug|Any CPU.ActiveCfg = Debug|Any CPU
		{1E9DB3A9-4AED-4DB2-9DA8-51840F28F098}.Debug|Any CPU.Build.0 = Debug|Any CPU
		{1E9DB3A9-4AED-4DB2-9DA8-51840F28F098}.Release|Any CPU.ActiveCfg = Release|Any CPU
		{1E9DB3A9-4AED-4DB2-9DA8-51840F28F098}.Release|Any CPU.Build.0 = Release|Any CPU
	EndGlobalSection
	GlobalSection(SolutionProperties) = preSolution
		HideSolutionNode = FALSE
	EndGlobalSection
	GlobalSection(ExtensibilityGlobals) = postSolution
		SolutionGuid = {0090BE08-C417-444D-8F52-00ACC7EE27F3}
	EndGlobalSection
EndGlobal
